{
    "name": "ui5ts",
    "version": "0.0.7",
    "lockfileVersion": 1,
    "requires": true,
    "dependencies": {
        "@types/form-data": {
            "version": "2.2.0",
            "resolved": "https://registry.npmjs.org/@types/form-data/-/form-data-2.2.0.tgz",
            "integrity": "sha512-vm5OGsKc61Sx/GTRMQ9d0H0PYCDebT78/bdIBPCoPEHdgp0etaH1RzMmkDygymUmyXTj3rdWQn0sRUpYKZzljA==",
            "dev": true,
            "requires": {
                "@types/node": "8.0.33"
            }
        },
        "@types/jquery": {
            "version": "2.0.48",
            "resolved": "https://registry.npmjs.org/@types/jquery/-/jquery-2.0.48.tgz",
            "integrity": "sha512-nNLzUrVjaRV/Ds1eHZLYTd7IZxs38cwwLSaqMJj8OTXY8xNUbxSK69bi9cMLvQ7dm/IBeQ1wHwQ0S1uYa0rd2w==",
            "dev": true
        },
        "@types/node": {
            "version": "8.0.33",
            "resolved": "https://registry.npmjs.org/@types/node/-/node-8.0.33.tgz",
            "integrity": "sha512-vmCdO8Bm1ExT+FWfC9sd9r4jwqM7o97gGy2WBshkkXbf/2nLAJQUrZfIhw27yVOtLUev6kSZc4cav/46KbDd8A==",
            "dev": true
        },
        "@types/openui5": {
            "version": "1.40.2",
            "resolved": "https://registry.npmjs.org/@types/openui5/-/openui5-1.40.2.tgz",
            "integrity": "sha512-EFEgNYhQINM9oSL90JdKFQ1RbZhEPWaTIsAacjRIjQQmv247WLwdvebuk6I8dwjX/xb9K6DhSfRx5hkE/oGRPA==",
            "dev": true,
            "requires": {
                "@types/jquery": "2.0.48"
            }
        },
        "@types/request": {
            "version": "2.0.4",
            "resolved": "https://registry.npmjs.org/@types/request/-/request-2.0.4.tgz",
            "integrity": "sha512-SE+Il0buda6106TClUU80nKlA5VqG90FABiKQQnEWhrhD5wvaDYDaRfShF2NNF4+ij844K0qqquDtyLdf/8AWA==",
            "dev": true,
            "requires": {
                "@types/form-data": "2.2.0",
                "@types/node": "8.0.33"
            }
        },
        "typescript": {
            "version": "2.5.3",
            "resolved": "https://registry.npmjs.org/typescript/-/typescript-2.5.3.tgz",
            "integrity": "sha512-ptLSQs2S4QuS6/OD1eAKG+S5G8QQtrU5RT32JULdZQtM1L3WTi34Wsu48Yndzi8xsObRAB9RPt/KhA9wlpEF6w==",
            "dev": true
        }
    }
}
