{
    "name": "ui5ts",
    "version": "0.0.7",
    "lockfileVersion": 1,
    "requires": true,
    "dependencies": {
        "@types/jquery": {
            "version": "2.0.48",
            "resolved": "https://registry.npmjs.org/@types/jquery/-/jquery-2.0.48.tgz",
            "integrity": "sha512-nNLzUrVjaRV/Ds1eHZLYTd7IZxs38cwwLSaqMJj8OTXY8xNUbxSK69bi9cMLvQ7dm/IBeQ1wHwQ0S1uYa0rd2w==",
            "dev": true
        },
        "@types/openui5": {
            "version": "1.40.2",
            "resolved": "https://registry.npmjs.org/@types/openui5/-/openui5-1.40.2.tgz",
            "integrity": "sha512-EFEgNYhQINM9oSL90JdKFQ1RbZhEPWaTIsAacjRIjQQmv247WLwdvebuk6I8dwjX/xb9K6DhSfRx5hkE/oGRPA==",
            "dev": true,
            "requires": {
                "@types/jquery": "2.0.48"
            }
        },
        "typescript": {
            "version": "2.5.3",
            "resolved": "https://registry.npmjs.org/typescript/-/typescript-2.5.3.tgz",
            "integrity": "sha512-ptLSQs2S4QuS6/OD1eAKG+S5G8QQtrU5RT32JULdZQtM1L3WTi34Wsu48Yndzi8xsObRAB9RPt/KhA9wlpEF6w==",
            "dev": true
        }
    }
}
